{
  "version": 4,
  "terraform_version": "0.15.5",
  "serial": 309,
  "lineage": "4d784fc2-2bb9-ab50-8fe7-cf45838b74f4",
  "outputs": {},
  "resources": [
    {
      "mode": "managed",
      "type": "google_storage_bucket",
      "name": "bucket",
      "provider": "provider[\"registry.terraform.io/hashicorp/google\"]",
      "instances": [
        {
          "schema_version": 0,
          "attributes": {
            "bucket_policy_only": false,
            "cors": [],
            "default_event_based_hold": false,
            "encryption": [],
            "force_destroy": false,
            "id": "go-gcp-bill-saver",
            "labels": {},
            "lifecycle_rule": [],
            "location": "EU",
            "logging": [],
            "name": "go-gcp-bill-saver",
            "project": "go-gcp-bill-saver-325714",
            "requester_pays": false,
            "retention_policy": [],
            "self_link": "https://www.googleapis.com/storage/v1/b/go-gcp-bill-saver",
            "storage_class": "STANDARD",
            "uniform_bucket_level_access": false,
            "url": "gs://go-gcp-bill-saver",
            "versioning": [],
            "website": []
          },
          "sensitive_attributes": [],
          "private": "bnVsbA=="
        }
      ]
    },
    {
      "mode": "managed",
      "type": "google_storage_bucket_object",
      "name": "archive",
      "provider": "provider[\"registry.terraform.io/hashicorp/google\"]",
      "instances": [
        {
          "schema_version": 0,
          "attributes": {
            "bucket": "go-gcp-bill-saver",
            "cache_control": "",
            "content": null,
            "content_disposition": "",
            "content_encoding": "",
            "content_language": "",
            "content_type": "text/plain; charset=utf-8",
            "crc32c": "muTwRA==",
            "customer_encryption": [],
            "detect_md5hash": "QGZUAzUj7sJyW7XRcNT5Jw==",
            "event_based_hold": false,
            "id": "go-gcp-bill-saver-list_compute_engine.zip",
            "kms_key_name": "",
            "md5hash": "QGZUAzUj7sJyW7XRcNT5Jw==",
            "media_link": "https://storage.googleapis.com/download/storage/v1/b/go-gcp-bill-saver/o/list_compute_engine.zip?generation=1631394662428652\u0026alt=media",
            "metadata": {},
            "name": "list_compute_engine.zip",
            "output_name": "list_compute_engine.zip",
            "self_link": "https://www.googleapis.com/storage/v1/b/go-gcp-bill-saver/o/list_compute_engine.zip",
            "source": "../../cmd/list_compute_engine/main.go",
            "storage_class": "STANDARD",
            "temporary_hold": false,
            "timeouts": null
          },
          "sensitive_attributes": [],
          "private": "eyJlMmJmYjczMC1lY2FhLTExZTYtOGY4OC0zNDM2M2JjN2M0YzAiOnsiY3JlYXRlIjoyNDAwMDAwMDAwMDAsImRlbGV0ZSI6MjQwMDAwMDAwMDAwLCJ1cGRhdGUiOjI0MDAwMDAwMDAwMH19",
          "dependencies": [
            "google_storage_bucket.bucket"
          ]
        }
      ]
    }
  ]
}
